
Microsoft Visual Studio Solution File, Format Version 12.00
# Visual Studio Version 17
VisualStudioVersion = 17.3.32922.545
MinimumVisualStudioVersion = 10.0.40219.1
Project("{9A19103F-16F7-4668-BE54-9A1E7A4F7556}") = "section1.2", "section1.2.csproj", "{04F92E82-042C-48B2-97C8-FCE455669276}"
EndProject
Global
	GlobalSection(SolutionConfigurationPlatforms) = preSolution
		Debug|Any CPU = Debug|Any CPU
		Release|Any CPU = Release|Any CPU
	EndGlobalSection
	GlobalSection(ProjectConfigurationPlatforms) = postSolution
		{04F92E82-042C-48B2-97C8-FCE455669276}.Debug|Any CPU.ActiveCfg = Debug|Any CPU
		{04F92E82-042C-48B2-97C8-FCE455669276}.Debug|Any CPU.Build.0 = Debug|Any CPU
		{04F92E82-042C-48B2-97C8-FCE455669276}.Release|Any CPU.ActiveCfg = Release|Any CPU
		{04F92E82-042C-48B2-97C8-FCE455669276}.Release|Any CPU.Build.0 = Release|Any CPU
	EndGlobalSection
	GlobalSection(SolutionProperties) = preSolution
		HideSolutionNode = FALSE
	EndGlobalSection
	GlobalSection(ExtensibilityGlobals) = postSolution
		SolutionGuid = {D0E50C36-6D93-473C-8250-BC9D50D7023D}
	EndGlobalSection
EndGlobal
