
Microsoft Visual Studio Solution File, Format Version 12.00
# Visual Studio Version 17
VisualStudioVersion = 17.8.34309.116
MinimumVisualStudioVersion = 10.0.40219.1
Project("{9A19103F-16F7-4668-BE54-9A1E7A4F7556}") = "section3.2", "section3.2.csproj", "{E47CC404-39B0-4589-8FF1-067D006BC3C9}"
EndProject
Global
	GlobalSection(SolutionConfigurationPlatforms) = preSolution
		Debug|Any CPU = Debug|Any CPU
		Release|Any CPU = Release|Any CPU
	EndGlobalSection
	GlobalSection(ProjectConfigurationPlatforms) = postSolution
		{E47CC404-39B0-4589-8FF1-067D006BC3C9}.Debug|Any CPU.ActiveCfg = Debug|Any CPU
		{E47CC404-39B0-4589-8FF1-067D006BC3C9}.Debug|Any CPU.Build.0 = Debug|Any CPU
		{E47CC404-39B0-4589-8FF1-067D006BC3C9}.Release|Any CPU.ActiveCfg = Release|Any CPU
		{E47CC404-39B0-4589-8FF1-067D006BC3C9}.Release|Any CPU.Build.0 = Release|Any CPU
	EndGlobalSection
	GlobalSection(SolutionProperties) = preSolution
		HideSolutionNode = FALSE
	EndGlobalSection
	GlobalSection(ExtensibilityGlobals) = postSolution
		SolutionGuid = {12DC3621-7B4F-4C12-B9C3-3A56EB6CDA60}
	EndGlobalSection
EndGlobal
